
Microsoft Visual Studio Solution File, Format Version 12.00
# Visual Studio Express 14 for Windows Desktop
VisualStudioVersion = 14.0.23107.0
MinimumVisualStudioVersion = 10.0.40219.1
Project("{FAE04EC0-301F-11D3-BF4B-00C04F79EFBC}") = "King of Thieves", "King of Thieves.csproj", "{F9247D10-AFD5-4938-BB7F-FA72341814E1}"
EndProject
Project("{FAE04EC0-301F-11D3-BF4B-00C04F79EFBC}") = "gearsVGE", "gearsVGE\gearsVGE.csproj", "{93B4D812-4B35-4153-99A9-57BBC6A2FFFE}"
EndProject
Project("{FAE04EC0-301F-11D3-BF4B-00C04F79EFBC}") = "kot-nunit", "kot-nunit\kot-nunit.csproj", "{D7A771E9-4708-4E3D-B4CF-5F737C128F7B}"
EndProject
Global
	GlobalSection(SolutionConfigurationPlatforms) = preSolution
		Debug|x64 = Debug|x64
		Debug|x86 = Debug|x86
		Release|x64 = Release|x64
		Release|x86 = Release|x86
	EndGlobalSection
	GlobalSection(ProjectConfigurationPlatforms) = postSolution
		{F9247D10-AFD5-4938-BB7F-FA72341814E1}.Debug|x64.ActiveCfg = Debug|x64
		{F9247D10-AFD5-4938-BB7F-FA72341814E1}.Debug|x86.ActiveCfg = Debug|x86
		{F9247D10-AFD5-4938-BB7F-FA72341814E1}.Debug|x86.Build.0 = Debug|x86
		{F9247D10-AFD5-4938-BB7F-FA72341814E1}.Release|x64.ActiveCfg = Release|x64
		{F9247D10-AFD5-4938-BB7F-FA72341814E1}.Release|x64.Build.0 = Release|x64
		{F9247D10-AFD5-4938-BB7F-FA72341814E1}.Release|x86.ActiveCfg = Release|x86
		{F9247D10-AFD5-4938-BB7F-FA72341814E1}.Release|x86.Build.0 = Release|x86
		{93B4D812-4B35-4153-99A9-57BBC6A2FFFE}.Debug|x64.ActiveCfg = Debug|x64
		{93B4D812-4B35-4153-99A9-57BBC6A2FFFE}.Debug|x64.Build.0 = Debug|x64
		{93B4D812-4B35-4153-99A9-57BBC6A2FFFE}.Debug|x86.ActiveCfg = Debug|x86
		{93B4D812-4B35-4153-99A9-57BBC6A2FFFE}.Debug|x86.Build.0 = Debug|x86
		{93B4D812-4B35-4153-99A9-57BBC6A2FFFE}.Release|x64.ActiveCfg = Release|x64
		{93B4D812-4B35-4153-99A9-57BBC6A2FFFE}.Release|x64.Build.0 = Release|x64
		{93B4D812-4B35-4153-99A9-57BBC6A2FFFE}.Release|x86.ActiveCfg = Release|x86
		{93B4D812-4B35-4153-99A9-57BBC6A2FFFE}.Release|x86.Build.0 = Release|x86
		{D7A771E9-4708-4E3D-B4CF-5F737C128F7B}.Debug|x64.ActiveCfg = Debug|Any CPU
		{D7A771E9-4708-4E3D-B4CF-5F737C128F7B}.Debug|x64.Build.0 = Debug|Any CPU
		{D7A771E9-4708-4E3D-B4CF-5F737C128F7B}.Debug|x86.ActiveCfg = Debug|Any CPU
		{D7A771E9-4708-4E3D-B4CF-5F737C128F7B}.Debug|x86.Build.0 = Debug|Any CPU
		{D7A771E9-4708-4E3D-B4CF-5F737C128F7B}.Release|x64.ActiveCfg = Release|Any CPU
		{D7A771E9-4708-4E3D-B4CF-5F737C128F7B}.Release|x64.Build.0 = Release|Any CPU
		{D7A771E9-4708-4E3D-B4CF-5F737C128F7B}.Release|x86.ActiveCfg = Release|Any CPU
		{D7A771E9-4708-4E3D-B4CF-5F737C128F7B}.Release|x86.Build.0 = Release|Any CPU
	EndGlobalSection
	GlobalSection(SolutionProperties) = preSolution
		HideSolutionNode = FALSE
	EndGlobalSection
EndGlobal
